// !$*UTF8*$!
{
	archiveVersion = 1;
	classes = {
	};
	objectVersion = 46;
	objects = {

/* Begin PBXBuildFile section */
		7B5957341AE8A38A0064B1A2 /* AppDelegate.swift in Sources */ = {isa = PBXBuildFile; fileRef = 7B5957331AE8A38A0064B1A2 /* AppDelegate.swift */; };
		7B5957361AE8A38A0064B1A2 /* Images.xcassets in Resources */ = {isa = PBXBuildFile; fileRef = 7B5957351AE8A38A0064B1A2 /* Images.xcassets */; };
		7B5957391AE8A38A0064B1A2 /* MainMenu.xib in Resources */ = {isa = PBXBuildFile; fileRef = 7B5957371AE8A38A0064B1A2 /* MainMenu.xib */; };
		7B5957451AE8A38A0064B1A2 /* DontSleepTests.swift in Sources */ = {isa = PBXBuildFile; fileRef = 7B5957441AE8A38A0064B1A2 /* DontSleepTests.swift */; };
		7B59574F1AE8B6710064B1A2 /* IOKit.framework in Frameworks */ = {isa = PBXBuildFile; fileRef = 7B59574E1AE8B6710064B1A2 /* IOKit.framework */; };
/* End PBXBuildFile section */

/* Begin PBXContainerItemProxy section */
		7B59573F1AE8A38A0064B1A2 /* PBXContainerItemProxy */ = {
			isa = PBXContainerItemProxy;
			containerPortal = 7B5957261AE8A38A0064B1A2 /* Project object */;
			proxyType = 1;
			remoteGlobalIDString = 7B59572D1AE8A38A0064B1A2;
			remoteInfo = DontSleep;
		};
/* End PBXContainerItemProxy section */

/* Begin PBXFileReference section */
		7B59572E1AE8A38A0064B1A2 /* DontSleep.app */ = {isa = PBXFileReference; explicitFileType = wrapper.application; includeInIndex = 0; path = DontSleep.app; sourceTree = BUILT_PRODUCTS_DIR; };
		7B5957321AE8A38A0064B1A2 /* Info.plist */ = {isa = PBXFileReference; lastKnownFileType = text.plist.xml; path = Info.plist; sourceTree = "<group>"; };
		7B5957331AE8A38A0064B1A2 /* AppDelegate.swift */ = {isa = PBXFileReference; lastKnownFileType = sourcecode.swift; path = AppDelegate.swift; sourceTree = "<group>"; };
		7B5957351AE8A38A0064B1A2 /* Images.xcassets */ = {isa = PBXFileReference; lastKnownFileType = folder.assetcatalog; path = Images.xcassets; sourceTree = "<group>"; };
		7B5957381AE8A38A0064B1A2 /* Base */ = {isa = PBXFileReference; lastKnownFileType = file.xib; name = Base; path = Base.lproj/MainMenu.xib; sourceTree = "<group>"; };
		7B59573E1AE8A38A0064B1A2 /* DontSleepTests.xctest */ = {isa = PBXFileReference; explicitFileType = wrapper.cfbundle; includeInIndex = 0; path = DontSleepTests.xctest; sourceTree = BUILT_PRODUCTS_DIR; };
		7B5957431AE8A38A0064B1A2 /* Info.plist */ = {isa = PBXFileReference; lastKnownFileType = text.plist.xml; path = Info.plist; sourceTree = "<group>"; };
		7B5957441AE8A38A0064B1A2 /* DontSleepTests.swift */ = {isa = PBXFileReference; lastKnownFileType = sourcecode.swift; path = DontSleepTests.swift; sourceTree = "<group>"; };
		7B59574E1AE8B6710064B1A2 /* IOKit.framework */ = {isa = PBXFileReference; lastKnownFileType = wrapper.framework; name = IOKit.framework; path = System/Library/Frameworks/IOKit.framework; sourceTree = SDKROOT; };
/* End PBXFileReference section */

/* Begin PBXFrameworksBuildPhase section */
		7B59572B1AE8A38A0064B1A2 /* Frameworks */ = {
			isa = PBXFrameworksBuildPhase;
			buildActionMask = 2147483647;
			files = (
				7B59574F1AE8B6710064B1A2 /* IOKit.framework in Frameworks */,
			);
			runOnlyForDeploymentPostprocessing = 0;
		};
		7B59573B1AE8A38A0064B1A2 /* Frameworks */ = {
			isa = PBXFrameworksBuildPhase;
			buildActionMask = 2147483647;
			files = (
			);
			runOnlyForDeploymentPostprocessing = 0;
		};
/* End PBXFrameworksBuildPhase section */

/* Begin PBXGroup section */
		7B5957251AE8A38A0064B1A2 = {
			isa = PBXGroup;
			children = (
				7B59574E1AE8B6710064B1A2 /* IOKit.framework */,
				7B5957301AE8A38A0064B1A2 /* DontSleep */,
				7B5957411AE8A38A0064B1A2 /* DontSleepTests */,
				7B59572F1AE8A38A0064B1A2 /* Products */,
			);
			sourceTree = "<group>";
		};
		7B59572F1AE8A38A0064B1A2 /* Products */ = {
			isa = PBXGroup;
			children = (
				7B59572E1AE8A38A0064B1A2 /* DontSleep.app */,
				7B59573E1AE8A38A0064B1A2 /* DontSleepTests.xctest */,
			);
			name = Products;
			sourceTree = "<group>";
		};
		7B5957301AE8A38A0064B1A2 /* DontSleep */ = {
			isa = PBXGroup;
			children = (
				7B5957331AE8A38A0064B1A2 /* AppDelegate.swift */,
				7B5957351AE8A38A0064B1A2 /* Images.xcassets */,
				7B5957371AE8A38A0064B1A2 /* MainMenu.xib */,
				7B5957311AE8A38A0064B1A2 /* Supporting Files */,
			);
			path = DontSleep;
			sourceTree = "<group>";
		};
		7B5957311AE8A38A0064B1A2 /* Supporting Files */ = {
			isa = PBXGroup;
			children = (
				7B5957321AE8A38A0064B1A2 /* Info.plist */,
			);
			name = "Supporting Files";
			sourceTree = "<group>";
		};
		7B5957411AE8A38A0064B1A2 /* DontSleepTests */ = {
			isa = PBXGroup;
			children = (
				7B5957441AE8A38A0064B1A2 /* DontSleepTests.swift */,
				7B5957421AE8A38A0064B1A2 /* Supporting Files */,
			);
			path = DontSleepTests;
			sourceTree = "<group>";
		};
		7B5957421AE8A38A0064B1A2 /* Supporting Files */ = {
			isa = PBXGroup;
			children = (
				7B5957431AE8A38A0064B1A2 /* Info.plist */,
			);
			name = "Supporting Files";
			sourceTree = "<group>";
		};
/* End PBXGroup section */

/* Begin PBXNativeTarget section */
		7B59572D1AE8A38A0064B1A2 /* DontSleep */ = {
			isa = PBXNativeTarget;
			buildConfigurationList = 7B5957481AE8A38A0064B1A2 /* Build configuration list for PBXNativeTarget "DontSleep" */;
			buildPhases = (
				7B59572A1AE8A38A0064B1A2 /* Sources */,
				7B59572B1AE8A38A0064B1A2 /* Frameworks */,
				7B59572C1AE8A38A0064B1A2 /* Resources */,
			);
			buildRules = (
			);
			dependencies = (
			);
			name = DontSleep;
			productName = DontSleep;
			productReference = 7B59572E1AE8A38A0064B1A2 /* DontSleep.app */;
			productType = "com.apple.product-type.application";
		};
		7B59573D1AE8A38A0064B1A2 /* DontSleepTests */ = {
			isa = PBXNativeTarget;
			buildConfigurationList = 7B59574B1AE8A38A0064B1A2 /* Build configuration list for PBXNativeTarget "DontSleepTests" */;
			buildPhases = (
				7B59573A1AE8A38A0064B1A2 /* Sources */,
				7B59573B1AE8A38A0064B1A2 /* Frameworks */,
				7B59573C1AE8A38A0064B1A2 /* Resources */,
			);
			buildRules = (
			);
			dependencies = (
				7B5957401AE8A38A0064B1A2 /* PBXTargetDependency */,
			);
			name = DontSleepTests;
			productName = DontSleepTests;
			productReference = 7B59573E1AE8A38A0064B1A2 /* DontSleepTests.xctest */;
			productType = "com.apple.product-type.bundle.unit-test";
		};
/* End PBXNativeTarget section */

/* Begin PBXProject section */
		7B5957261AE8A38A0064B1A2 /* Project object */ = {
			isa = PBXProject;
			attributes = {
				LastSwiftMigration = 0720;
				LastSwiftUpdateCheck = 0720;
				LastUpgradeCheck = 0820;
				ORGANIZATIONNAME = "Mitch Winn";
				TargetAttributes = {
					7B59572D1AE8A38A0064B1A2 = {
						CreatedOnToolsVersion = 6.3.1;
						LastSwiftMigration = 0820;
					};
					7B59573D1AE8A38A0064B1A2 = {
						CreatedOnToolsVersion = 6.3.1;
						LastSwiftMigration = 0820;
						TestTargetID = 7B59572D1AE8A38A0064B1A2;
					};
				};
			};
			buildConfigurationList = 7B5957291AE8A38A0064B1A2 /* Build configuration list for PBXProject "DontSleep" */;
			compatibilityVersion = "Xcode 3.2";
			developmentRegion = English;
			hasScannedForEncodings = 0;
			knownRegions = (
				en,
				Base,
			);
			mainGroup = 7B5957251AE8A38A0064B1A2;
			productRefGroup = 7B59572F1AE8A38A0064B1A2 /* Products */;
			projectDirPath = "";
			projectRoot = "";
			targets = (
				7B59572D1AE8A38A0064B1A2 /* DontSleep */,
				7B59573D1AE8A38A0064B1A2 /* DontSleepTests */,
			);
		};
/* End PBXProject section */

/* Begin PBXResourcesBuildPhase section */
		7B59572C1AE8A38A0064B1A2 /* Resources */ = {
			isa = PBXResourcesBuildPhase;
			buildActionMask = 2147483647;
			files = (
				7B5957361AE8A38A0064B1A2 /* Images.xcassets in Resources */,
				7B5957391AE8A38A0064B1A2 /* MainMenu.xib in Resources */,
			);
			runOnlyForDeploymentPostprocessing = 0;
		};
		7B59573C1AE8A38A0064B1A2 /* Resources */ = {
			isa = PBXResourcesBuildPhase;
			buildActionMask = 2147483647;
			files = (
			);
			runOnlyForDeploymentPostprocessing = 0;
		};
/* End PBXResourcesBuildPhase section */

/* Begin PBXSourcesBuildPhase section */
		7B59572A1AE8A38A0064B1A2 /* Sources */ = {
			isa = PBXSourcesBuildPhase;
			buildActionMask = 2147483647;
			files = (
				7B5957341AE8A38A0064B1A2 /* AppDelegate.swift in Sources */,
			);
			runOnlyForDeploymentPostprocessing = 0;
		};
		7B59573A1AE8A38A0064B1A2 /* Sources */ = {
			isa = PBXSourcesBuildPhase;
			buildActionMask = 2147483647;
			files = (
				7B5957451AE8A38A0064B1A2 /* DontSleepTests.swift in Sources */,
			);
			runOnlyForDeploymentPostprocessing = 0;
		};
/* End PBXSourcesBuildPhase section */

/* Begin PBXTargetDependency section */
		7B5957401AE8A38A0064B1A2 /* PBXTargetDependency */ = {
			isa = PBXTargetDependency;
			target = 7B59572D1AE8A38A0064B1A2 /* DontSleep */;
			targetProxy = 7B59573F1AE8A38A0064B1A2 /* PBXContainerItemProxy */;
		};
/* End PBXTargetDependency section */

/* Begin PBXVariantGroup section */
		7B5957371AE8A38A0064B1A2 /* MainMenu.xib */ = {
			isa = PBXVariantGroup;
			children = (
				7B5957381AE8A38A0064B1A2 /* Base */,
			);
			name = MainMenu.xib;
			sourceTree = "<group>";
		};
/* End PBXVariantGroup section */

/* Begin XCBuildConfiguration section */
		7B5957461AE8A38A0064B1A2 /* Debug */ = {
			isa = XCBuildConfiguration;
			buildSettings = {
				ALWAYS_SEARCH_USER_PATHS = NO;
				CLANG_CXX_LANGUAGE_STANDARD = "gnu++0x";
				CLANG_CXX_LIBRARY = "libc++";
				CLANG_ENABLE_MODULES = YES;
				CLANG_ENABLE_OBJC_ARC = YES;
				CLANG_WARN_BOOL_CONVERSION = YES;
				CLANG_WARN_CONSTANT_CONVERSION = YES;
				CLANG_WARN_DIRECT_OBJC_ISA_USAGE = YES_ERROR;
				CLANG_WARN_EMPTY_BODY = YES;
				CLANG_WARN_ENUM_CONVERSION = YES;
				CLANG_WARN_INFINITE_RECURSION = YES;
				CLANG_WARN_INT_CONVERSION = YES;
				CLANG_WARN_OBJC_ROOT_CLASS = YES_ERROR;
				CLANG_WARN_SUSPICIOUS_MOVE = YES;
				CLANG_WARN_UNREACHABLE_CODE = YES;
				CLANG_WARN__DUPLICATE_METHOD_MATCH = YES;
				CODE_SIGN_IDENTITY = "-";
				COPY_PHASE_STRIP = NO;
				DEBUG_INFORMATION_FORMAT = dwarf;
				ENABLE_STRICT_OBJC_MSGSEND = YES;
				ENABLE_TESTABILITY = YES;
				GCC_C_LANGUAGE_STANDARD = gnu99;
				GCC_DYNAMIC_NO_PIC = NO;
				GCC_NO_COMMON_BLOCKS = YES;
				GCC_OPTIMIZATION_LEVEL = 0;
				GCC_PREPROCESSOR_DEFINITIONS = (
					"DEBUG=1",
					"$(inherited)",
				);
				GCC_SYMBOLS_PRIVATE_EXTERN = NO;
				GCC_WARN_64_TO_32_BIT_CONVERSION = YES;
				GCC_WARN_ABOUT_RETURN_TYPE = YES_ERROR;
				GCC_WARN_UNDECLARED_SELECTOR = YES;
				GCC_WARN_UNINITIALIZED_AUTOS = YES_AGGRESSIVE;
				GCC_WARN_UNUSED_FUNCTION = YES;
				GCC_WARN_UNUSED_VARIABLE = YES;
				MACOSX_DEPLOYMENT_TARGET = 10.10;
				MTL_ENABLE_DEBUG_INFO = YES;
				ONLY_ACTIVE_ARCH = YES;
				SDKROOT = macosx;
				SWIFT_OPTIMIZATION_LEVEL = "-Onone";
			};
			name = Debug;
		};
		7B5957471AE8A38A0064B1A2 /* Release */ = {
			isa = XCBuildConfiguration;
			buildSettings = {
				ALWAYS_SEARCH_USER_PATHS = NO;
				CLANG_CXX_LANGUAGE_STANDARD = "gnu++0x";
				CLANG_CXX_LIBRARY = "libc++";
				CLANG_ENABLE_MODULES = YES;
				CLANG_ENABLE_OBJC_ARC = YES;
				CLANG_WARN_BOOL_CONVERSION = YES;
				CLANG_WARN_CONSTANT_CONVERSION = YES;
				CLANG_WARN_DIRECT_OBJC_ISA_USAGE = YES_ERROR;
				CLANG_WARN_EMPTY_BODY = YES;
				CLANG_WARN_ENUM_CONVERSION = YES;
				CLANG_WARN_INFINITE_RECURSION = YES;
				CLANG_WARN_INT_CONVERSION = YES;
				CLANG_WARN_OBJC_ROOT_CLASS = YES_ERROR;
				CLANG_WARN_SUSPICIOUS_MOVE = YES;
				CLANG_WARN_UNREACHABLE_CODE = YES;
				CLANG_WARN__DUPLICATE_METHOD_MATCH = YES;
				CODE_SIGN_IDENTITY = "-";
				COPY_PHASE_STRIP = NO;
				DEBUG_INFORMATION_FORMAT = "dwarf-with-dsym";
				ENABLE_NS_ASSERTIONS = NO;
				ENABLE_STRICT_OBJC_MSGSEND = YES;
				GCC_C_LANGUAGE_STANDARD = gnu99;
				GCC_NO_COMMON_BLOCKS = YES;
				GCC_WARN_64_TO_32_BIT_CONVERSION = YES;
				GCC_WARN_ABOUT_RETURN_TYPE = YES_ERROR;
				GCC_WARN_UNDECLARED_SELECTOR = YES;
				GCC_WARN_UNINITIALIZED_AUTOS = YES_AGGRESSIVE;
				GCC_WARN_UNUSED_FUNCTION = YES;
				GCC_WARN_UNUSED_VARIABLE = YES;
				MACOSX_DEPLOYMENT_TARGET = 10.10;
				MTL_ENABLE_DEBUG_INFO = NO;
				SDKROOT = macosx;
				SWIFT_OPTIMIZATION_LEVEL = "-Owholemodule";
			};
			name = Release;
		};
		7B5957491AE8A38A0064B1A2 /* Debug */ = {
			isa = XCBuildConfiguration;
			buildSettings = {
				ASSETCATALOG_COMPILER_APPICON_NAME = AppIcon;
				COMBINE_HIDPI_IMAGES = YES;
				INFOPLIST_FILE = DontSleep/Info.plist;
				LD_RUNPATH_SEARCH_PATHS = "$(inherited) @executable_path/../Frameworks";
				PRODUCT_BUNDLE_IDENTIFIER = "mitchwinn.$(PRODUCT_NAME:rfc1034identifier)";
				PRODUCT_NAME = "$(TARGET_NAME)";
				SWIFT_VERSION = 3.0;
			};
			name = Debug;
		};
		7B59574A1AE8A38A0064B1A2 /* Release */ = {
			isa = XCBuildConfiguration;
			buildSettings = {
				ASSETCATALOG_COMPILER_APPICON_NAME = AppIcon;
				COMBINE_HIDPI_IMAGES = YES;
				INFOPLIST_FILE = DontSleep/Info.plist;
				LD_RUNPATH_SEARCH_PATHS = "$(inherited) @executable_path/../Frameworks";
				PRODUCT_BUNDLE_IDENTIFIER = "mitchwinn.$(PRODUCT_NAME:rfc1034identifier)";
				PRODUCT_NAME = "$(TARGET_NAME)";
				SWIFT_VERSION = 3.0;
			};
			name = Release;
		};
		7B59574C1AE8A38A0064B1A2 /* Debug */ = {
			isa = XCBuildConfiguration;
			buildSettings = {
				BUNDLE_LOADER = "$(TEST_HOST)";
				COMBINE_HIDPI_IMAGES = YES;
				FRAMEWORK_SEARCH_PATHS = (
					"$(DEVELOPER_FRAMEWORKS_DIR)",
					"$(inherited)",
				);
				GCC_PREPROCESSOR_DEFINITIONS = (
					"DEBUG=1",
					"$(inherited)",
				);
				INFOPLIST_FILE = DontSleepTests/Info.plist;
				LD_RUNPATH_SEARCH_PATHS = "$(inherited) @executable_path/../Frameworks @loader_path/../Frameworks";
				PRODUCT_BUNDLE_IDENTIFIER = "mitchwinn.$(PRODUCT_NAME:rfc1034identifier)";
				PRODUCT_NAME = "$(TARGET_NAME)";
				SWIFT_VERSION = 3.0;
				TEST_HOST = "$(BUILT_PRODUCTS_DIR)/DontSleep.app/Contents/MacOS/DontSleep";
			};
			name = Debug;
		};
		7B59574D1AE8A38A0064B1A2 /* Release */ = {
			isa = XCBuildConfiguration;
			buildSettings = {
				BUNDLE_LOADER = "$(TEST_HOST)";
				COMBINE_HIDPI_IMAGES = YES;
				FRAMEWORK_SEARCH_PATHS = (
					"$(DEVELOPER_FRAMEWORKS_DIR)",
					"$(inherited)",
				);
				INFOPLIST_FILE = DontSleepTests/Info.plist;
				LD_RUNPATH_SEARCH_PATHS = "$(inherited) @executable_path/../Frameworks @loader_path/../Frameworks";
				PRODUCT_BUNDLE_IDENTIFIER = "mitchwinn.$(PRODUCT_NAME:rfc1034identifier)";
				PRODUCT_NAME = "$(TARGET_NAME)";
				SWIFT_VERSION = 3.0;
				TEST_HOST = "$(BUILT_PRODUCTS_DIR)/DontSleep.app/Contents/MacOS/DontSleep";
			};
			name = Release;
		};
/* End XCBuildConfiguration section */

/* Begin XCConfigurationList section */
		7B5957291AE8A38A0064B1A2 /* Build configuration list for PBXProject "DontSleep" */ = {
			isa = XCConfigurationList;
			buildConfigurations = (
				7B5957461AE8A38A0064B1A2 /* Debug */,
				7B5957471AE8A38A0064B1A2 /* Release */,
			);
			defaultConfigurationIsVisible = 0;
			defaultConfigurationName = Release;
		};
		7B5957481AE8A38A0064B1A2 /* Build configuration list for PBXNativeTarget "DontSleep" */ = {
			isa = XCConfigurationList;
			buildConfigurations = (
				7B5957491AE8A38A0064B1A2 /* Debug */,
				7B59574A1AE8A38A0064B1A2 /* Release */,
			);
			defaultConfigurationIsVisible = 0;
			defaultConfigurationName = Release;
		};
		7B59574B1AE8A38A0064B1A2 /* Build configuration list for PBXNativeTarget "DontSleepTests" */ = {
			isa = XCConfigurationList;
			buildConfigurations = (
				7B59574C1AE8A38A0064B1A2 /* Debug */,
				7B59574D1AE8A38A0064B1A2 /* Release */,
			);
			defaultConfigurationIsVisible = 0;
			defaultConfigurationName = Release;
		};
/* End XCConfigurationList section */
	};
	rootObject = 7B5957261AE8A38A0064B1A2 /* Project object */;
}
